// !$*UTF8*$!
{
	archiveVersion = 1;
	classes = {
	};
	objectVersion = 56;
	objects = {

/* Begin PBXBuildFile section */
		37274A972CD3972A002D20D0 /* AppDelegate.swift in Sources */ = {isa = PBXBuildFile; fileRef = 37274A962CD3972A002D20D0 /* AppDelegate.swift */; };
		37274A992CD3972A002D20D0 /* SceneDelegate.swift in Sources */ = {isa = PBXBuildFile; fileRef = 37274A982CD3972A002D20D0 /* SceneDelegate.swift */; };
		37274A9B2CD3972A002D20D0 /* HomePageController.swift in Sources */ = {isa = PBXBuildFile; fileRef = 37274A9A2CD3972A002D20D0 /* HomePageController.swift */; };
		37274AA02CD3972D002D20D0 /* Assets.xcassets in Resources */ = {isa = PBXBuildFile; fileRef = 37274A9F2CD3972D002D20D0 /* Assets.xcassets */; };
		37274AA32CD3972D002D20D0 /* Base in Resources */ = {isa = PBXBuildFile; fileRef = 37274AA22CD3972D002D20D0 /* Base */; };
		37274AB12CD399FF002D20D0 /* HomePageView.swift in Sources */ = {isa = PBXBuildFile; fileRef = 37274AB02CD399FF002D20D0 /* HomePageView.swift */; };
		37274AB42CD39A20002D20D0 /* SnapKit in Frameworks */ = {isa = PBXBuildFile; productRef = 37274AB32CD39A20002D20D0 /* SnapKit */; };
		37F777852CD90B9B005B5095 /* CustomButton.swift in Sources */ = {isa = PBXBuildFile; fileRef = 37F777842CD90B9B005B5095 /* CustomButton.swift */; };
		37F777882CD914D4005B5095 /* ListController.swift in Sources */ = {isa = PBXBuildFile; fileRef = 37F777872CD914D3005B5095 /* ListController.swift */; };
/* End PBXBuildFile section */

/* Begin PBXFileReference section */
		37274A932CD3972A002D20D0 /* Dooit.app */ = {isa = PBXFileReference; explicitFileType = wrapper.application; includeInIndex = 0; path = Dooit.app; sourceTree = BUILT_PRODUCTS_DIR; };
		37274A962CD3972A002D20D0 /* AppDelegate.swift */ = {isa = PBXFileReference; lastKnownFileType = sourcecode.swift; path = AppDelegate.swift; sourceTree = "<group>"; };
		37274A982CD3972A002D20D0 /* SceneDelegate.swift */ = {isa = PBXFileReference; lastKnownFileType = sourcecode.swift; path = SceneDelegate.swift; sourceTree = "<group>"; };
		37274A9A2CD3972A002D20D0 /* HomePageController.swift */ = {isa = PBXFileReference; lastKnownFileType = sourcecode.swift; path = HomePageController.swift; sourceTree = "<group>"; };
		37274A9F2CD3972D002D20D0 /* Assets.xcassets */ = {isa = PBXFileReference; lastKnownFileType = folder.assetcatalog; path = Assets.xcassets; sourceTree = "<group>"; };
		37274AA22CD3972D002D20D0 /* Base */ = {isa = PBXFileReference; lastKnownFileType = file.storyboard; name = Base; path = Base.lproj/LaunchScreen.storyboard; sourceTree = "<group>"; };
		37274AA42CD3972D002D20D0 /* Info.plist */ = {isa = PBXFileReference; lastKnownFileType = text.plist.xml; path = Info.plist; sourceTree = "<group>"; };
		37274AB02CD399FF002D20D0 /* HomePageView.swift */ = {isa = PBXFileReference; lastKnownFileType = sourcecode.swift; path = HomePageView.swift; sourceTree = "<group>"; };
		37F777842CD90B9B005B5095 /* CustomButton.swift */ = {isa = PBXFileReference; lastKnownFileType = sourcecode.swift; path = CustomButton.swift; sourceTree = "<group>"; };
		37F777872CD914D3005B5095 /* ListController.swift */ = {isa = PBXFileReference; lastKnownFileType = sourcecode.swift; path = ListController.swift; sourceTree = "<group>"; };
/* End PBXFileReference section */

/* Begin PBXFrameworksBuildPhase section */
		37274A902CD3972A002D20D0 /* Frameworks */ = {
			isa = PBXFrameworksBuildPhase;
			buildActionMask = 2147483647;
			files = (
				37274AB42CD39A20002D20D0 /* SnapKit in Frameworks */,
			);
			runOnlyForDeploymentPostprocessing = 0;
		};
/* End PBXFrameworksBuildPhase section */

/* Begin PBXGroup section */
		37274A8A2CD3972A002D20D0 = {
			isa = PBXGroup;
			children = (
				37274A952CD3972A002D20D0 /* Dooit */,
				37274A942CD3972A002D20D0 /* Products */,
			);
			sourceTree = "<group>";
		};
		37274A942CD3972A002D20D0 /* Products */ = {
			isa = PBXGroup;
			children = (
				37274A932CD3972A002D20D0 /* Dooit.app */,
			);
			name = Products;
			sourceTree = "<group>";
		};
		37274A952CD3972A002D20D0 /* Dooit */ = {
			isa = PBXGroup;
			children = (
				37274AAB2CD397D1002D20D0 /* Resource */,
				37274AAA2CD397C4002D20D0 /* Source */,
			);
			path = Dooit;
			sourceTree = "<group>";
		};
		37274AAA2CD397C4002D20D0 /* Source */ = {
			isa = PBXGroup;
			children = (
				37274AAF2CD39964002D20D0 /* Model */,
				37274AAE2CD39960002D20D0 /* View */,
				37274AAD2CD3995A002D20D0 /* Controller */,
			);
			path = Source;
			sourceTree = "<group>";
		};
		37274AAB2CD397D1002D20D0 /* Resource */ = {
			isa = PBXGroup;
			children = (
				37274AAC2CD398C4002D20D0 /* Delegate */,
				37274A9F2CD3972D002D20D0 /* Assets.xcassets */,
				37274AA12CD3972D002D20D0 /* LaunchScreen.storyboard */,
				37274AA42CD3972D002D20D0 /* Info.plist */,
			);
			path = Resource;
			sourceTree = "<group>";
		};
		37274AAC2CD398C4002D20D0 /* Delegate */ = {
			isa = PBXGroup;
			children = (
				37274A962CD3972A002D20D0 /* AppDelegate.swift */,
				37274A982CD3972A002D20D0 /* SceneDelegate.swift */,
			);
			path = Delegate;
			sourceTree = "<group>";
		};
		37274AAD2CD3995A002D20D0 /* Controller */ = {
			isa = PBXGroup;
			children = (
				37274A9A2CD3972A002D20D0 /* HomePageController.swift */,
				37F777872CD914D3005B5095 /* ListController.swift */,
			);
			path = Controller;
			sourceTree = "<group>";
		};
		37274AAE2CD39960002D20D0 /* View */ = {
			isa = PBXGroup;
			children = (
				37F777862CD90BA6005B5095 /* Customization */,
				37274AB02CD399FF002D20D0 /* HomePageView.swift */,
			);
			path = View;
			sourceTree = "<group>";
		};
		37274AAF2CD39964002D20D0 /* Model */ = {
			isa = PBXGroup;
			children = (
			);
			name = Model;
			sourceTree = "<group>";
		};
		37F777862CD90BA6005B5095 /* Customization */ = {
			isa = PBXGroup;
			children = (
				37F777842CD90B9B005B5095 /* CustomButton.swift */,
			);
			path = Customization;
			sourceTree = "<group>";
		};
/* End PBXGroup section */

/* Begin PBXNativeTarget section */
		37274A922CD3972A002D20D0 /* Dooit */ = {
			isa = PBXNativeTarget;
			buildConfigurationList = 37274AA72CD3972D002D20D0 /* Build configuration list for PBXNativeTarget "Dooit" */;
			buildPhases = (
				37274A8F2CD3972A002D20D0 /* Sources */,
				37274A902CD3972A002D20D0 /* Frameworks */,
				37274A912CD3972A002D20D0 /* Resources */,
			);
			buildRules = (
			);
			dependencies = (
			);
			name = Dooit;
			packageProductDependencies = (
				37274AB32CD39A20002D20D0 /* SnapKit */,
			);
			productName = Dooit;
			productReference = 37274A932CD3972A002D20D0 /* Dooit.app */;
			productType = "com.apple.product-type.application";
		};
/* End PBXNativeTarget section */

/* Begin PBXProject section */
		37274A8B2CD3972A002D20D0 /* Project object */ = {
			isa = PBXProject;
			attributes = {
				BuildIndependentTargetsInParallel = 1;
				LastSwiftUpdateCheck = 1540;
				LastUpgradeCheck = 1540;
				TargetAttributes = {
					37274A922CD3972A002D20D0 = {
						CreatedOnToolsVersion = 15.4;
					};
				};
			};
			buildConfigurationList = 37274A8E2CD3972A002D20D0 /* Build configuration list for PBXProject "Dooit" */;
			compatibilityVersion = "Xcode 14.0";
			developmentRegion = en;
			hasScannedForEncodings = 0;
			knownRegions = (
				en,
				Base,
			);
			mainGroup = 37274A8A2CD3972A002D20D0;
			packageReferences = (
				37274AB22CD39A20002D20D0 /* XCRemoteSwiftPackageReference "SnapKit" */,
			);
			productRefGroup = 37274A942CD3972A002D20D0 /* Products */;
			projectDirPath = "";
			projectRoot = "";
			targets = (
				37274A922CD3972A002D20D0 /* Dooit */,
			);
		};
/* End PBXProject section */

/* Begin PBXResourcesBuildPhase section */
		37274A912CD3972A002D20D0 /* Resources */ = {
			isa = PBXResourcesBuildPhase;
			buildActionMask = 2147483647;
			files = (
				37274AA02CD3972D002D20D0 /* Assets.xcassets in Resources */,
				37274AA32CD3972D002D20D0 /* Base in Resources */,
			);
			runOnlyForDeploymentPostprocessing = 0;
		};
/* End PBXResourcesBuildPhase section */

/* Begin PBXSourcesBuildPhase section */
		37274A8F2CD3972A002D20D0 /* Sources */ = {
			isa = PBXSourcesBuildPhase;
			buildActionMask = 2147483647;
			files = (
				37274A9B2CD3972A002D20D0 /* HomePageController.swift in Sources */,
				37274A972CD3972A002D20D0 /* AppDelegate.swift in Sources */,
				37274AB12CD399FF002D20D0 /* HomePageView.swift in Sources */,
				37274A992CD3972A002D20D0 /* SceneDelegate.swift in Sources */,
				37F777852CD90B9B005B5095 /* CustomButton.swift in Sources */,
				37F777882CD914D4005B5095 /* ListController.swift in Sources */,
			);
			runOnlyForDeploymentPostprocessing = 0;
		};
/* End PBXSourcesBuildPhase section */

/* Begin PBXVariantGroup section */
		37274AA12CD3972D002D20D0 /* LaunchScreen.storyboard */ = {
			isa = PBXVariantGroup;
			children = (
				37274AA22CD3972D002D20D0 /* Base */,
			);
			name = LaunchScreen.storyboard;
			sourceTree = "<group>";
		};
/* End PBXVariantGroup section */

/* Begin XCBuildConfiguration section */
		37274AA52CD3972D002D20D0 /* Debug */ = {
			isa = XCBuildConfiguration;
			buildSettings = {
				ALWAYS_SEARCH_USER_PATHS = NO;
				ASSETCATALOG_COMPILER_GENERATE_SWIFT_ASSET_SYMBOL_EXTENSIONS = YES;
				CLANG_ANALYZER_NONNULL = YES;
				CLANG_ANALYZER_NUMBER_OBJECT_CONVERSION = YES_AGGRESSIVE;
				CLANG_CXX_LANGUAGE_STANDARD = "gnu++20";
				CLANG_ENABLE_MODULES = YES;
				CLANG_ENABLE_OBJC_ARC = YES;
				CLANG_ENABLE_OBJC_WEAK = YES;
				CLANG_WARN_BLOCK_CAPTURE_AUTORELEASING = YES;
				CLANG_WARN_BOOL_CONVERSION = YES;
				CLANG_WARN_COMMA = YES;
				CLANG_WARN_CONSTANT_CONVERSION = YES;
				CLANG_WARN_DEPRECATED_OBJC_IMPLEMENTATIONS = YES;
				CLANG_WARN_DIRECT_OBJC_ISA_USAGE = YES_ERROR;
				CLANG_WARN_DOCUMENTATION_COMMENTS = YES;
				CLANG_WARN_EMPTY_BODY = YES;
				CLANG_WARN_ENUM_CONVERSION = YES;
				CLANG_WARN_INFINITE_RECURSION = YES;
				CLANG_WARN_INT_CONVERSION = YES;
				CLANG_WARN_NON_LITERAL_NULL_CONVERSION = YES;
				CLANG_WARN_OBJC_IMPLICIT_RETAIN_SELF = YES;
				CLANG_WARN_OBJC_LITERAL_CONVERSION = YES;
				CLANG_WARN_OBJC_ROOT_CLASS = YES_ERROR;
				CLANG_WARN_QUOTED_INCLUDE_IN_FRAMEWORK_HEADER = YES;
				CLANG_WARN_RANGE_LOOP_ANALYSIS = YES;
				CLANG_WARN_STRICT_PROTOTYPES = YES;
				CLANG_WARN_SUSPICIOUS_MOVE = YES;
				CLANG_WARN_UNGUARDED_AVAILABILITY = YES_AGGRESSIVE;
				CLANG_WARN_UNREACHABLE_CODE = YES;
				CLANG_WARN__DUPLICATE_METHOD_MATCH = YES;
				COPY_PHASE_STRIP = NO;
				DEBUG_INFORMATION_FORMAT = dwarf;
				ENABLE_STRICT_OBJC_MSGSEND = YES;
				ENABLE_TESTABILITY = YES;
				ENABLE_USER_SCRIPT_SANDBOXING = YES;
				GCC_C_LANGUAGE_STANDARD = gnu17;
				GCC_DYNAMIC_NO_PIC = NO;
				GCC_NO_COMMON_BLOCKS = YES;
				GCC_OPTIMIZATION_LEVEL = 0;
				GCC_PREPROCESSOR_DEFINITIONS = (
					"DEBUG=1",
					"$(inherited)",
				);
				GCC_WARN_64_TO_32_BIT_CONVERSION = YES;
				GCC_WARN_ABOUT_RETURN_TYPE = YES_ERROR;
				GCC_WARN_UNDECLARED_SELECTOR = YES;
				GCC_WARN_UNINITIALIZED_AUTOS = YES_AGGRESSIVE;
				GCC_WARN_UNUSED_FUNCTION = YES;
				GCC_WARN_UNUSED_VARIABLE = YES;
				IPHONEOS_DEPLOYMENT_TARGET = 17.5;
				LOCALIZATION_PREFERS_STRING_CATALOGS = YES;
				MTL_ENABLE_DEBUG_INFO = INCLUDE_SOURCE;
				MTL_FAST_MATH = YES;
				ONLY_ACTIVE_ARCH = YES;
				SDKROOT = iphoneos;
				SWIFT_ACTIVE_COMPILATION_CONDITIONS = "DEBUG $(inherited)";
				SWIFT_OPTIMIZATION_LEVEL = "-Onone";
			};
			name = Debug;
		};
		37274AA62CD3972D002D20D0 /* Release */ = {
			isa = XCBuildConfiguration;
			buildSettings = {
				ALWAYS_SEARCH_USER_PATHS = NO;
				ASSETCATALOG_COMPILER_GENERATE_SWIFT_ASSET_SYMBOL_EXTENSIONS = YES;
				CLANG_ANALYZER_NONNULL = YES;
				CLANG_ANALYZER_NUMBER_OBJECT_CONVERSION = YES_AGGRESSIVE;
				CLANG_CXX_LANGUAGE_STANDARD = "gnu++20";
				CLANG_ENABLE_MODULES = YES;
				CLANG_ENABLE_OBJC_ARC = YES;
				CLANG_ENABLE_OBJC_WEAK = YES;
				CLANG_WARN_BLOCK_CAPTURE_AUTORELEASING = YES;
				CLANG_WARN_BOOL_CONVERSION = YES;
				CLANG_WARN_COMMA = YES;
				CLANG_WARN_CONSTANT_CONVERSION = YES;
				CLANG_WARN_DEPRECATED_OBJC_IMPLEMENTATIONS = YES;
				CLANG_WARN_DIRECT_OBJC_ISA_USAGE = YES_ERROR;
				CLANG_WARN_DOCUMENTATION_COMMENTS = YES;
				CLANG_WARN_EMPTY_BODY = YES;
				CLANG_WARN_ENUM_CONVERSION = YES;
				CLANG_WARN_INFINITE_RECURSION = YES;
				CLANG_WARN_INT_CONVERSION = YES;
				CLANG_WARN_NON_LITERAL_NULL_CONVERSION = YES;
				CLANG_WARN_OBJC_IMPLICIT_RETAIN_SELF = YES;
				CLANG_WARN_OBJC_LITERAL_CONVERSION = YES;
				CLANG_WARN_OBJC_ROOT_CLASS = YES_ERROR;
				CLANG_WARN_QUOTED_INCLUDE_IN_FRAMEWORK_HEADER = YES;
				CLANG_WARN_RANGE_LOOP_ANALYSIS = YES;
				CLANG_WARN_STRICT_PROTOTYPES = YES;
				CLANG_WARN_SUSPICIOUS_MOVE = YES;
				CLANG_WARN_UNGUARDED_AVAILABILITY = YES_AGGRESSIVE;
				CLANG_WARN_UNREACHABLE_CODE = YES;
				CLANG_WARN__DUPLICATE_METHOD_MATCH = YES;
				COPY_PHASE_STRIP = NO;
				DEBUG_INFORMATION_FORMAT = "dwarf-with-dsym";
				ENABLE_NS_ASSERTIONS = NO;
				ENABLE_STRICT_OBJC_MSGSEND = YES;
				ENABLE_USER_SCRIPT_SANDBOXING = YES;
				GCC_C_LANGUAGE_STANDARD = gnu17;
				GCC_NO_COMMON_BLOCKS = YES;
				GCC_WARN_64_TO_32_BIT_CONVERSION = YES;
				GCC_WARN_ABOUT_RETURN_TYPE = YES_ERROR;
				GCC_WARN_UNDECLARED_SELECTOR = YES;
				GCC_WARN_UNINITIALIZED_AUTOS = YES_AGGRESSIVE;
				GCC_WARN_UNUSED_FUNCTION = YES;
				GCC_WARN_UNUSED_VARIABLE = YES;
				IPHONEOS_DEPLOYMENT_TARGET = 17.5;
				LOCALIZATION_PREFERS_STRING_CATALOGS = YES;
				MTL_ENABLE_DEBUG_INFO = NO;
				MTL_FAST_MATH = YES;
				SDKROOT = iphoneos;
				SWIFT_COMPILATION_MODE = wholemodule;
				VALIDATE_PRODUCT = YES;
			};
			name = Release;
		};
		37274AA82CD3972D002D20D0 /* Debug */ = {
			isa = XCBuildConfiguration;
			buildSettings = {
				ASSETCATALOG_COMPILER_APPICON_NAME = AppIcon;
				ASSETCATALOG_COMPILER_GLOBAL_ACCENT_COLOR_NAME = AccentColor;
				CODE_SIGN_STYLE = Automatic;
				CURRENT_PROJECT_VERSION = 1;
				DEVELOPMENT_TEAM = YT7499CZXL;
				GENERATE_INFOPLIST_FILE = YES;
				INFOPLIST_FILE = Dooit/Resource/Info.plist;
				INFOPLIST_KEY_UIApplicationSupportsIndirectInputEvents = YES;
				INFOPLIST_KEY_UILaunchStoryboardName = LaunchScreen;
				INFOPLIST_KEY_UIMainStoryboardFile = "";
				INFOPLIST_KEY_UISupportedInterfaceOrientations_iPad = "UIInterfaceOrientationPortrait UIInterfaceOrientationPortraitUpsideDown UIInterfaceOrientationLandscapeLeft UIInterfaceOrientationLandscapeRight";
				INFOPLIST_KEY_UISupportedInterfaceOrientations_iPhone = "UIInterfaceOrientationPortrait UIInterfaceOrientationLandscapeLeft UIInterfaceOrientationLandscapeRight";
				LD_RUNPATH_SEARCH_PATHS = (
					"$(inherited)",
					"@executable_path/Frameworks",
				);
				MARKETING_VERSION = 1.0;
				PRODUCT_BUNDLE_IDENTIFIER = nurka.Dooit;
				PRODUCT_NAME = "$(TARGET_NAME)";
				SWIFT_EMIT_LOC_STRINGS = YES;
				SWIFT_VERSION = 5.0;
				TARGETED_DEVICE_FAMILY = "1,2";
			};
			name = Debug;
		};
		37274AA92CD3972D002D20D0 /* Release */ = {
			isa = XCBuildConfiguration;
			buildSettings = {
				ASSETCATALOG_COMPILER_APPICON_NAME = AppIcon;
				ASSETCATALOG_COMPILER_GLOBAL_ACCENT_COLOR_NAME = AccentColor;
				CODE_SIGN_STYLE = Automatic;
				CURRENT_PROJECT_VERSION = 1;
				DEVELOPMENT_TEAM = YT7499CZXL;
				GENERATE_INFOPLIST_FILE = YES;
				INFOPLIST_FILE = Dooit/Resource/Info.plist;
				INFOPLIST_KEY_UIApplicationSupportsIndirectInputEvents = YES;
				INFOPLIST_KEY_UILaunchStoryboardName = LaunchScreen;
				INFOPLIST_KEY_UIMainStoryboardFile = "";
				INFOPLIST_KEY_UISupportedInterfaceOrientations_iPad = "UIInterfaceOrientationPortrait UIInterfaceOrientationPortraitUpsideDown UIInterfaceOrientationLandscapeLeft UIInterfaceOrientationLandscapeRight";
				INFOPLIST_KEY_UISupportedInterfaceOrientations_iPhone = "UIInterfaceOrientationPortrait UIInterfaceOrientationLandscapeLeft UIInterfaceOrientationLandscapeRight";
				LD_RUNPATH_SEARCH_PATHS = (
					"$(inherited)",
					"@executable_path/Frameworks",
				);
				MARKETING_VERSION = 1.0;
				PRODUCT_BUNDLE_IDENTIFIER = nurka.Dooit;
				PRODUCT_NAME = "$(TARGET_NAME)";
				SWIFT_EMIT_LOC_STRINGS = YES;
				SWIFT_VERSION = 5.0;
				TARGETED_DEVICE_FAMILY = "1,2";
			};
			name = Release;
		};
/* End XCBuildConfiguration section */

/* Begin XCConfigurationList section */
		37274A8E2CD3972A002D20D0 /* Build configuration list for PBXProject "Dooit" */ = {
			isa = XCConfigurationList;
			buildConfigurations = (
				37274AA52CD3972D002D20D0 /* Debug */,
				37274AA62CD3972D002D20D0 /* Release */,
			);
			defaultConfigurationIsVisible = 0;
			defaultConfigurationName = Release;
		};
		37274AA72CD3972D002D20D0 /* Build configuration list for PBXNativeTarget "Dooit" */ = {
			isa = XCConfigurationList;
			buildConfigurations = (
				37274AA82CD3972D002D20D0 /* Debug */,
				37274AA92CD3972D002D20D0 /* Release */,
			);
			defaultConfigurationIsVisible = 0;
			defaultConfigurationName = Release;
		};
/* End XCConfigurationList section */

/* Begin XCRemoteSwiftPackageReference section */
		37274AB22CD39A20002D20D0 /* XCRemoteSwiftPackageReference "SnapKit" */ = {
			isa = XCRemoteSwiftPackageReference;
			repositoryURL = "https://github.com/SnapKit/SnapKit.git";
			requirement = {
				kind = upToNextMajorVersion;
				minimumVersion = 5.7.1;
			};
		};
/* End XCRemoteSwiftPackageReference section */

/* Begin XCSwiftPackageProductDependency section */
		37274AB32CD39A20002D20D0 /* SnapKit */ = {
			isa = XCSwiftPackageProductDependency;
			package = 37274AB22CD39A20002D20D0 /* XCRemoteSwiftPackageReference "SnapKit" */;
			productName = SnapKit;
		};
/* End XCSwiftPackageProductDependency section */
	};
	rootObject = 37274A8B2CD3972A002D20D0 /* Project object */;
}
